
Microsoft Visual Studio Solution File, Format Version 12.00
# Visual Studio Version 17
VisualStudioVersion = 17.14.36203.30 d17.14
MinimumVisualStudioVersion = 10.0.40219.1
Project("{FAE04EC0-301F-11D3-BF4B-00C04F79EFBC}") = "Bootstrap_Demo", "Bootstrap_Demo\Bootstrap_Demo.csproj", "{B2E261C4-C0FD-409C-A580-BFF9AA30CC47}"
EndProject
Global
	GlobalSection(SolutionConfigurationPlatforms) = preSolution
		Debug|Any CPU = Debug|Any CPU
		Release|Any CPU = Release|Any CPU
	EndGlobalSection
	GlobalSection(ProjectConfigurationPlatforms) = postSolution
		{B2E261C4-C0FD-409C-A580-BFF9AA30CC47}.Debug|Any CPU.ActiveCfg = Debug|Any CPU
		{B2E261C4-C0FD-409C-A580-BFF9AA30CC47}.Debug|Any CPU.Build.0 = Debug|Any CPU
		{B2E261C4-C0FD-409C-A580-BFF9AA30CC47}.Release|Any CPU.ActiveCfg = Release|Any CPU
		{B2E261C4-C0FD-409C-A580-BFF9AA30CC47}.Release|Any CPU.Build.0 = Release|Any CPU
	EndGlobalSection
	GlobalSection(SolutionProperties) = preSolution
		HideSolutionNode = FALSE
	EndGlobalSection
	GlobalSection(ExtensibilityGlobals) = postSolution
		SolutionGuid = {8DD4B08B-69D3-454C-B3B7-8F30A9C0E56B}
	EndGlobalSection
EndGlobal
