
Microsoft Visual Studio Solution File, Format Version 12.00
# Visual Studio Version 17
VisualStudioVersion = 17.14.36203.30 d17.14
MinimumVisualStudioVersion = 10.0.40219.1
Project("{FAE04EC0-301F-11D3-BF4B-00C04F79EFBC}") = "Temp_Data", "Temp_Data\Temp_Data.csproj", "{83EBBE16-112C-4FF7-A7B3-C00D6488EA1F}"
EndProject
Global
	GlobalSection(SolutionConfigurationPlatforms) = preSolution
		Debug|Any CPU = Debug|Any CPU
		Release|Any CPU = Release|Any CPU
	EndGlobalSection
	GlobalSection(ProjectConfigurationPlatforms) = postSolution
		{83EBBE16-112C-4FF7-A7B3-C00D6488EA1F}.Debug|Any CPU.ActiveCfg = Debug|Any CPU
		{83EBBE16-112C-4FF7-A7B3-C00D6488EA1F}.Debug|Any CPU.Build.0 = Debug|Any CPU
		{83EBBE16-112C-4FF7-A7B3-C00D6488EA1F}.Release|Any CPU.ActiveCfg = Release|Any CPU
		{83EBBE16-112C-4FF7-A7B3-C00D6488EA1F}.Release|Any CPU.Build.0 = Release|Any CPU
	EndGlobalSection
	GlobalSection(SolutionProperties) = preSolution
		HideSolutionNode = FALSE
	EndGlobalSection
	GlobalSection(ExtensibilityGlobals) = postSolution
		SolutionGuid = {1735D4B3-E1EE-4420-98AE-D87CB43844A5}
	EndGlobalSection
EndGlobal
