
Microsoft Visual Studio Solution File, Format Version 12.00
# Visual Studio Version 17
VisualStudioVersion = 17.14.36203.30 d17.14
MinimumVisualStudioVersion = 10.0.40219.1
Project("{FAE04EC0-301F-11D3-BF4B-00C04F79EFBC}") = "Collection_Concurrent", "Collection_Concurrent\Collection_Concurrent.csproj", "{79E3B8DB-0DBE-4957-B530-C532E1BEE0BA}"
EndProject
Global
	GlobalSection(SolutionConfigurationPlatforms) = preSolution
		Debug|Any CPU = Debug|Any CPU
		Release|Any CPU = Release|Any CPU
	EndGlobalSection
	GlobalSection(ProjectConfigurationPlatforms) = postSolution
		{79E3B8DB-0DBE-4957-B530-C532E1BEE0BA}.Debug|Any CPU.ActiveCfg = Debug|Any CPU
		{79E3B8DB-0DBE-4957-B530-C532E1BEE0BA}.Debug|Any CPU.Build.0 = Debug|Any CPU
		{79E3B8DB-0DBE-4957-B530-C532E1BEE0BA}.Release|Any CPU.ActiveCfg = Release|Any CPU
		{79E3B8DB-0DBE-4957-B530-C532E1BEE0BA}.Release|Any CPU.Build.0 = Release|Any CPU
	EndGlobalSection
	GlobalSection(SolutionProperties) = preSolution
		HideSolutionNode = FALSE
	EndGlobalSection
	GlobalSection(ExtensibilityGlobals) = postSolution
		SolutionGuid = {C9DBA4D3-4DEE-4BBF-BD64-6669433113E1}
	EndGlobalSection
EndGlobal
