
Microsoft Visual Studio Solution File, Format Version 12.00
# Visual Studio Version 17
VisualStudioVersion = 17.14.36203.30 d17.14
MinimumVisualStudioVersion = 10.0.40219.1
Project("{FAE04EC0-301F-11D3-BF4B-00C04F79EFBC}") = "Abstraction", "Abstraction\Abstraction.csproj", "{19F1AC62-6D0A-441E-893F-5D4B7023DBE7}"
EndProject
Global
	GlobalSection(SolutionConfigurationPlatforms) = preSolution
		Debug|Any CPU = Debug|Any CPU
		Release|Any CPU = Release|Any CPU
	EndGlobalSection
	GlobalSection(ProjectConfigurationPlatforms) = postSolution
		{19F1AC62-6D0A-441E-893F-5D4B7023DBE7}.Debug|Any CPU.ActiveCfg = Debug|Any CPU
		{19F1AC62-6D0A-441E-893F-5D4B7023DBE7}.Debug|Any CPU.Build.0 = Debug|Any CPU
		{19F1AC62-6D0A-441E-893F-5D4B7023DBE7}.Release|Any CPU.ActiveCfg = Release|Any CPU
		{19F1AC62-6D0A-441E-893F-5D4B7023DBE7}.Release|Any CPU.Build.0 = Release|Any CPU
	EndGlobalSection
	GlobalSection(SolutionProperties) = preSolution
		HideSolutionNode = FALSE
	EndGlobalSection
	GlobalSection(ExtensibilityGlobals) = postSolution
		SolutionGuid = {12658356-CC10-410B-BCF8-B01A88783C81}
	EndGlobalSection
EndGlobal
