
Microsoft Visual Studio Solution File, Format Version 12.00
# Visual Studio Version 17
VisualStudioVersion = 17.14.36203.30 d17.14
MinimumVisualStudioVersion = 10.0.40219.1
Project("{FAE04EC0-301F-11D3-BF4B-00C04F79EFBC}") = "Tag_Helper", "Tag_Helper\Tag_Helper.csproj", "{8410631F-2ECA-4EDD-BAFE-ED7558D48C49}"
EndProject
Global
	GlobalSection(SolutionConfigurationPlatforms) = preSolution
		Debug|Any CPU = Debug|Any CPU
		Release|Any CPU = Release|Any CPU
	EndGlobalSection
	GlobalSection(ProjectConfigurationPlatforms) = postSolution
		{8410631F-2ECA-4EDD-BAFE-ED7558D48C49}.Debug|Any CPU.ActiveCfg = Debug|Any CPU
		{8410631F-2ECA-4EDD-BAFE-ED7558D48C49}.Debug|Any CPU.Build.0 = Debug|Any CPU
		{8410631F-2ECA-4EDD-BAFE-ED7558D48C49}.Release|Any CPU.ActiveCfg = Release|Any CPU
		{8410631F-2ECA-4EDD-BAFE-ED7558D48C49}.Release|Any CPU.Build.0 = Release|Any CPU
	EndGlobalSection
	GlobalSection(SolutionProperties) = preSolution
		HideSolutionNode = FALSE
	EndGlobalSection
	GlobalSection(ExtensibilityGlobals) = postSolution
		SolutionGuid = {F6695F88-A5D6-4D93-9E31-1D3F22FDE35B}
	EndGlobalSection
EndGlobal
