
Microsoft Visual Studio Solution File, Format Version 12.00
# Visual Studio Version 17
VisualStudioVersion = 17.14.36203.30 d17.14
MinimumVisualStudioVersion = 10.0.40219.1
Project("{FAE04EC0-301F-11D3-BF4B-00C04F79EFBC}") = "Cookie_Demo", "Cookie_Demo\Cookie_Demo.csproj", "{890F4A9F-D353-439D-AAF0-8C7A4E43127C}"
EndProject
Global
	GlobalSection(SolutionConfigurationPlatforms) = preSolution
		Debug|Any CPU = Debug|Any CPU
		Release|Any CPU = Release|Any CPU
	EndGlobalSection
	GlobalSection(ProjectConfigurationPlatforms) = postSolution
		{890F4A9F-D353-439D-AAF0-8C7A4E43127C}.Debug|Any CPU.ActiveCfg = Debug|Any CPU
		{890F4A9F-D353-439D-AAF0-8C7A4E43127C}.Debug|Any CPU.Build.0 = Debug|Any CPU
		{890F4A9F-D353-439D-AAF0-8C7A4E43127C}.Release|Any CPU.ActiveCfg = Release|Any CPU
		{890F4A9F-D353-439D-AAF0-8C7A4E43127C}.Release|Any CPU.Build.0 = Release|Any CPU
	EndGlobalSection
	GlobalSection(SolutionProperties) = preSolution
		HideSolutionNode = FALSE
	EndGlobalSection
	GlobalSection(ExtensibilityGlobals) = postSolution
		SolutionGuid = {53B56E88-D947-4E24-B8DD-2D66AFF938CC}
	EndGlobalSection
EndGlobal
