
Microsoft Visual Studio Solution File, Format Version 12.00
# Visual Studio Version 17
VisualStudioVersion = 17.14.36203.30 d17.14
MinimumVisualStudioVersion = 10.0.40219.1
Project("{FAE04EC0-301F-11D3-BF4B-00C04F79EFBC}") = "Exception_Handling_", "Exception_Handling_\Exception_Handling_.csproj", "{EF6259E7-6E11-4073-9ACA-43687AF9214A}"
EndProject
Global
	GlobalSection(SolutionConfigurationPlatforms) = preSolution
		Debug|Any CPU = Debug|Any CPU
		Release|Any CPU = Release|Any CPU
	EndGlobalSection
	GlobalSection(ProjectConfigurationPlatforms) = postSolution
		{EF6259E7-6E11-4073-9ACA-43687AF9214A}.Debug|Any CPU.ActiveCfg = Debug|Any CPU
		{EF6259E7-6E11-4073-9ACA-43687AF9214A}.Debug|Any CPU.Build.0 = Debug|Any CPU
		{EF6259E7-6E11-4073-9ACA-43687AF9214A}.Release|Any CPU.ActiveCfg = Release|Any CPU
		{EF6259E7-6E11-4073-9ACA-43687AF9214A}.Release|Any CPU.Build.0 = Release|Any CPU
	EndGlobalSection
	GlobalSection(SolutionProperties) = preSolution
		HideSolutionNode = FALSE
	EndGlobalSection
	GlobalSection(ExtensibilityGlobals) = postSolution
		SolutionGuid = {75A39FC4-225E-48E5-BEF9-DFA1E8C62CF7}
	EndGlobalSection
EndGlobal
