
Microsoft Visual Studio Solution File, Format Version 12.00
# Visual Studio Version 17
VisualStudioVersion = 17.14.36203.30 d17.14
MinimumVisualStudioVersion = 10.0.40219.1
Project("{FAE04EC0-301F-11D3-BF4B-00C04F79EFBC}") = "Interface", "Interface\Interface.csproj", "{064EEDF8-C318-4E40-979C-84C6FDDA3017}"
EndProject
Global
	GlobalSection(SolutionConfigurationPlatforms) = preSolution
		Debug|Any CPU = Debug|Any CPU
		Release|Any CPU = Release|Any CPU
	EndGlobalSection
	GlobalSection(ProjectConfigurationPlatforms) = postSolution
		{064EEDF8-C318-4E40-979C-84C6FDDA3017}.Debug|Any CPU.ActiveCfg = Debug|Any CPU
		{064EEDF8-C318-4E40-979C-84C6FDDA3017}.Debug|Any CPU.Build.0 = Debug|Any CPU
		{064EEDF8-C318-4E40-979C-84C6FDDA3017}.Release|Any CPU.ActiveCfg = Release|Any CPU
		{064EEDF8-C318-4E40-979C-84C6FDDA3017}.Release|Any CPU.Build.0 = Release|Any CPU
	EndGlobalSection
	GlobalSection(SolutionProperties) = preSolution
		HideSolutionNode = FALSE
	EndGlobalSection
	GlobalSection(ExtensibilityGlobals) = postSolution
		SolutionGuid = {8AB6581B-E890-4139-940C-1137F0002ECC}
	EndGlobalSection
EndGlobal
