
Microsoft Visual Studio Solution File, Format Version 12.00
# Visual Studio Version 17
VisualStudioVersion = 17.14.36203.30 d17.14
MinimumVisualStudioVersion = 10.0.40219.1
Project("{FAE04EC0-301F-11D3-BF4B-00C04F79EFBC}") = "Model_Binding_Complex", "Model_Binding_Complex\Model_Binding_Complex.csproj", "{A20FD699-13B9-43A3-84D0-D2AB31EE7AED}"
EndProject
Global
	GlobalSection(SolutionConfigurationPlatforms) = preSolution
		Debug|Any CPU = Debug|Any CPU
		Release|Any CPU = Release|Any CPU
	EndGlobalSection
	GlobalSection(ProjectConfigurationPlatforms) = postSolution
		{A20FD699-13B9-43A3-84D0-D2AB31EE7AED}.Debug|Any CPU.ActiveCfg = Debug|Any CPU
		{A20FD699-13B9-43A3-84D0-D2AB31EE7AED}.Debug|Any CPU.Build.0 = Debug|Any CPU
		{A20FD699-13B9-43A3-84D0-D2AB31EE7AED}.Release|Any CPU.ActiveCfg = Release|Any CPU
		{A20FD699-13B9-43A3-84D0-D2AB31EE7AED}.Release|Any CPU.Build.0 = Release|Any CPU
	EndGlobalSection
	GlobalSection(SolutionProperties) = preSolution
		HideSolutionNode = FALSE
	EndGlobalSection
	GlobalSection(ExtensibilityGlobals) = postSolution
		SolutionGuid = {45DE16AB-B16D-41AD-932D-40D4DAB7596D}
	EndGlobalSection
EndGlobal
