
Microsoft Visual Studio Solution File, Format Version 12.00
# Visual Studio Version 17
VisualStudioVersion = 17.14.36203.30
MinimumVisualStudioVersion = 10.0.40219.1
Project("{FAE04EC0-301F-11D3-BF4B-00C04F79EFBC}") = "Collection_Non-Generic", "Collection\Collection_Non-Generic.csproj", "{8D1DB4DE-48A4-4893-BB41-2C9BC1AB294D}"
EndProject
Global
	GlobalSection(SolutionConfigurationPlatforms) = preSolution
		Debug|Any CPU = Debug|Any CPU
		Release|Any CPU = Release|Any CPU
	EndGlobalSection
	GlobalSection(ProjectConfigurationPlatforms) = postSolution
		{8D1DB4DE-48A4-4893-BB41-2C9BC1AB294D}.Debug|Any CPU.ActiveCfg = Debug|Any CPU
		{8D1DB4DE-48A4-4893-BB41-2C9BC1AB294D}.Debug|Any CPU.Build.0 = Debug|Any CPU
		{8D1DB4DE-48A4-4893-BB41-2C9BC1AB294D}.Release|Any CPU.ActiveCfg = Release|Any CPU
		{8D1DB4DE-48A4-4893-BB41-2C9BC1AB294D}.Release|Any CPU.Build.0 = Release|Any CPU
	EndGlobalSection
	GlobalSection(SolutionProperties) = preSolution
		HideSolutionNode = FALSE
	EndGlobalSection
	GlobalSection(ExtensibilityGlobals) = postSolution
		SolutionGuid = {778B8F7E-30CE-4E0B-BA0D-E6B8C8D80D5F}
	EndGlobalSection
EndGlobal
